
Microsoft Visual Studio Solution File, Format Version 12.00
# Visual Studio Version 17
VisualStudioVersion = 17.3.32804.467
MinimumVisualStudioVersion = 10.0.40219.1
Project("{2150E333-8FDC-42A3-9474-1A3956D46DE8}") = "src", "src", "{20FE6D26-68A8-43F7-BD06-D6B6CBEE562D}"
EndProject
Project("{2150E333-8FDC-42A3-9474-1A3956D46DE8}") = "corePackages", "corePackages", "{2464F33A-FDEB-4709-98D5-4CAF5966B485}"
EndProject
Project("{FAE04EC0-301F-11D3-BF4B-00C04F79EFBC}") = "Core.Application", "src\corePackages\Core.Application\Core.Application.csproj", "{AAC993C5-F280-4CC9-902F-A492424B6395}"
EndProject
Project("{FAE04EC0-301F-11D3-BF4B-00C04F79EFBC}") = "Core.CrossCuttingConcerns", "src\corePackages\Core.CrossCuttingConcerns\Core.CrossCuttingConcerns.csproj", "{DACE1703-4FDD-4C9C-957C-A6670936F043}"
EndProject
Project("{FAE04EC0-301F-11D3-BF4B-00C04F79EFBC}") = "Core.ElasticSearch", "src\corePackages\Core.ElasticSearch\Core.ElasticSearch.csproj", "{22896736-5C03-43AE-8C35-9A2B03E59E9F}"
EndProject
Project("{FAE04EC0-301F-11D3-BF4B-00C04F79EFBC}") = "Core.Mailing", "src\corePackages\Core.Mailing\Core.Mailing.csproj", "{9402681C-1371-4C6B-B8CC-624C6AA58055}"
EndProject
Project("{FAE04EC0-301F-11D3-BF4B-00C04F79EFBC}") = "Core.Persistence", "src\corePackages\Core.Persistence\Core.Persistence.csproj", "{C34A656E-C115-466E-8705-4C431E30F579}"
EndProject
Project("{FAE04EC0-301F-11D3-BF4B-00C04F79EFBC}") = "Core.Security", "src\corePackages\Core.Security\Core.Security.csproj", "{BE98B996-1A87-42D4-A4B4-5A8372636339}"
EndProject
Project("{2150E333-8FDC-42A3-9474-1A3956D46DE8}") = "projects", "projects", "{3D00964A-D662-4EA9-9D3D-E3B053676011}"
EndProject
Project("{2150E333-8FDC-42A3-9474-1A3956D46DE8}") = "Kodlama.io.Devs", "Kodlama.io.Devs", "{99378B7B-0CDF-4958-91D9-C5478432C89D}"
EndProject
Project("{FAE04EC0-301F-11D3-BF4B-00C04F79EFBC}") = "Application", "src\projects\Kodlama.io.Devs\Application\Application.csproj", "{5224F4B0-A6EB-4A75-9773-D303FB6EAC82}"
EndProject
Project("{FAE04EC0-301F-11D3-BF4B-00C04F79EFBC}") = "Domain", "src\projects\Kodlama.io.Devs\Domain\Domain.csproj", "{A28FA962-A25D-449D-BD61-734C1F8EDDDC}"
EndProject
Project("{FAE04EC0-301F-11D3-BF4B-00C04F79EFBC}") = "Infrastructure", "src\projects\Kodlama.io.Devs\Infrastructure\Infrastructure.csproj", "{EC750F54-A67E-429E-8D1B-0E04154F11FB}"
EndProject
Project("{FAE04EC0-301F-11D3-BF4B-00C04F79EFBC}") = "Persistence", "src\projects\Kodlama.io.Devs\Persistence\Persistence.csproj", "{9C740197-5DF3-4707-9E91-C7B03A840B34}"
EndProject
Project("{FAE04EC0-301F-11D3-BF4B-00C04F79EFBC}") = "WebAPI", "src\projects\Kodlama.io.Devs\WebAPI\WebAPI.csproj", "{FBBB0D85-89B4-4FCD-8D6A-E6A31865E265}"
EndProject
Global
	GlobalSection(SolutionConfigurationPlatforms) = preSolution
		Debug|Any CPU = Debug|Any CPU
		Release|Any CPU = Release|Any CPU
	EndGlobalSection
	GlobalSection(ProjectConfigurationPlatforms) = postSolution
		{AAC993C5-F280-4CC9-902F-A492424B6395}.Debug|Any CPU.ActiveCfg = Debug|Any CPU
		{AAC993C5-F280-4CC9-902F-A492424B6395}.Debug|Any CPU.Build.0 = Debug|Any CPU
		{AAC993C5-F280-4CC9-902F-A492424B6395}.Release|Any CPU.ActiveCfg = Release|Any CPU
		{AAC993C5-F280-4CC9-902F-A492424B6395}.Release|Any CPU.Build.0 = Release|Any CPU
		{DACE1703-4FDD-4C9C-957C-A6670936F043}.Debug|Any CPU.ActiveCfg = Debug|Any CPU
		{DACE1703-4FDD-4C9C-957C-A6670936F043}.Debug|Any CPU.Build.0 = Debug|Any CPU
		{DACE1703-4FDD-4C9C-957C-A6670936F043}.Release|Any CPU.ActiveCfg = Release|Any CPU
		{DACE1703-4FDD-4C9C-957C-A6670936F043}.Release|Any CPU.Build.0 = Release|Any CPU
		{22896736-5C03-43AE-8C35-9A2B03E59E9F}.Debug|Any CPU.ActiveCfg = Debug|Any CPU
		{22896736-5C03-43AE-8C35-9A2B03E59E9F}.Debug|Any CPU.Build.0 = Debug|Any CPU
		{22896736-5C03-43AE-8C35-9A2B03E59E9F}.Release|Any CPU.ActiveCfg = Release|Any CPU
		{22896736-5C03-43AE-8C35-9A2B03E59E9F}.Release|Any CPU.Build.0 = Release|Any CPU
		{9402681C-1371-4C6B-B8CC-624C6AA58055}.Debug|Any CPU.ActiveCfg = Debug|Any CPU
		{9402681C-1371-4C6B-B8CC-624C6AA58055}.Debug|Any CPU.Build.0 = Debug|Any CPU
		{9402681C-1371-4C6B-B8CC-624C6AA58055}.Release|Any CPU.ActiveCfg = Release|Any CPU
		{9402681C-1371-4C6B-B8CC-624C6AA58055}.Release|Any CPU.Build.0 = Release|Any CPU
		{C34A656E-C115-466E-8705-4C431E30F579}.Debug|Any CPU.ActiveCfg = Debug|Any CPU
		{C34A656E-C115-466E-8705-4C431E30F579}.Debug|Any CPU.Build.0 = Debug|Any CPU
		{C34A656E-C115-466E-8705-4C431E30F579}.Release|Any CPU.ActiveCfg = Release|Any CPU
		{C34A656E-C115-466E-8705-4C431E30F579}.Release|Any CPU.Build.0 = Release|Any CPU
		{BE98B996-1A87-42D4-A4B4-5A8372636339}.Debug|Any CPU.ActiveCfg = Debug|Any CPU
		{BE98B996-1A87-42D4-A4B4-5A8372636339}.Debug|Any CPU.Build.0 = Debug|Any CPU
		{BE98B996-1A87-42D4-A4B4-5A8372636339}.Release|Any CPU.ActiveCfg = Release|Any CPU
		{BE98B996-1A87-42D4-A4B4-5A8372636339}.Release|Any CPU.Build.0 = Release|Any CPU
		{5224F4B0-A6EB-4A75-9773-D303FB6EAC82}.Debug|Any CPU.ActiveCfg = Debug|Any CPU
		{5224F4B0-A6EB-4A75-9773-D303FB6EAC82}.Debug|Any CPU.Build.0 = Debug|Any CPU
		{5224F4B0-A6EB-4A75-9773-D303FB6EAC82}.Release|Any CPU.ActiveCfg = Release|Any CPU
		{5224F4B0-A6EB-4A75-9773-D303FB6EAC82}.Release|Any CPU.Build.0 = Release|Any CPU
		{A28FA962-A25D-449D-BD61-734C1F8EDDDC}.Debug|Any CPU.ActiveCfg = Debug|Any CPU
		{A28FA962-A25D-449D-BD61-734C1F8EDDDC}.Debug|Any CPU.Build.0 = Debug|Any CPU
		{A28FA962-A25D-449D-BD61-734C1F8EDDDC}.Release|Any CPU.ActiveCfg = Release|Any CPU
		{A28FA962-A25D-449D-BD61-734C1F8EDDDC}.Release|Any CPU.Build.0 = Release|Any CPU
		{EC750F54-A67E-429E-8D1B-0E04154F11FB}.Debug|Any CPU.ActiveCfg = Debug|Any CPU
		{EC750F54-A67E-429E-8D1B-0E04154F11FB}.Debug|Any CPU.Build.0 = Debug|Any CPU
		{EC750F54-A67E-429E-8D1B-0E04154F11FB}.Release|Any CPU.ActiveCfg = Release|Any CPU
		{EC750F54-A67E-429E-8D1B-0E04154F11FB}.Release|Any CPU.Build.0 = Release|Any CPU
		{9C740197-5DF3-4707-9E91-C7B03A840B34}.Debug|Any CPU.ActiveCfg = Debug|Any CPU
		{9C740197-5DF3-4707-9E91-C7B03A840B34}.Debug|Any CPU.Build.0 = Debug|Any CPU
		{9C740197-5DF3-4707-9E91-C7B03A840B34}.Release|Any CPU.ActiveCfg = Release|Any CPU
		{9C740197-5DF3-4707-9E91-C7B03A840B34}.Release|Any CPU.Build.0 = Release|Any CPU
		{FBBB0D85-89B4-4FCD-8D6A-E6A31865E265}.Debug|Any CPU.ActiveCfg = Debug|Any CPU
		{FBBB0D85-89B4-4FCD-8D6A-E6A31865E265}.Debug|Any CPU.Build.0 = Debug|Any CPU
		{FBBB0D85-89B4-4FCD-8D6A-E6A31865E265}.Release|Any CPU.ActiveCfg = Release|Any CPU
		{FBBB0D85-89B4-4FCD-8D6A-E6A31865E265}.Release|Any CPU.Build.0 = Release|Any CPU
	EndGlobalSection
	GlobalSection(SolutionProperties) = preSolution
		HideSolutionNode = FALSE
	EndGlobalSection
	GlobalSection(NestedProjects) = preSolution
		{2464F33A-FDEB-4709-98D5-4CAF5966B485} = {20FE6D26-68A8-43F7-BD06-D6B6CBEE562D}
		{AAC993C5-F280-4CC9-902F-A492424B6395} = {2464F33A-FDEB-4709-98D5-4CAF5966B485}
		{DACE1703-4FDD-4C9C-957C-A6670936F043} = {2464F33A-FDEB-4709-98D5-4CAF5966B485}
		{22896736-5C03-43AE-8C35-9A2B03E59E9F} = {2464F33A-FDEB-4709-98D5-4CAF5966B485}
		{9402681C-1371-4C6B-B8CC-624C6AA58055} = {2464F33A-FDEB-4709-98D5-4CAF5966B485}
		{C34A656E-C115-466E-8705-4C431E30F579} = {2464F33A-FDEB-4709-98D5-4CAF5966B485}
		{BE98B996-1A87-42D4-A4B4-5A8372636339} = {2464F33A-FDEB-4709-98D5-4CAF5966B485}
		{3D00964A-D662-4EA9-9D3D-E3B053676011} = {20FE6D26-68A8-43F7-BD06-D6B6CBEE562D}
		{99378B7B-0CDF-4958-91D9-C5478432C89D} = {3D00964A-D662-4EA9-9D3D-E3B053676011}
		{5224F4B0-A6EB-4A75-9773-D303FB6EAC82} = {99378B7B-0CDF-4958-91D9-C5478432C89D}
		{A28FA962-A25D-449D-BD61-734C1F8EDDDC} = {99378B7B-0CDF-4958-91D9-C5478432C89D}
		{EC750F54-A67E-429E-8D1B-0E04154F11FB} = {99378B7B-0CDF-4958-91D9-C5478432C89D}
		{9C740197-5DF3-4707-9E91-C7B03A840B34} = {99378B7B-0CDF-4958-91D9-C5478432C89D}
		{FBBB0D85-89B4-4FCD-8D6A-E6A31865E265} = {99378B7B-0CDF-4958-91D9-C5478432C89D}
	EndGlobalSection
	GlobalSection(ExtensibilityGlobals) = postSolution
		SolutionGuid = {418D43EF-607A-4159-AF19-738CB55FF0BA}
	EndGlobalSection
EndGlobal
